# This file is automatically @generated by Cargo.
# It is not intended for manual editing.
version = 4

[[package]]
name = "doom-2038"
version = "1.0.1"
source = "registry+https://github.com/rust-lang/crates.io-index"
checksum = "9a0fd0de6fd4577d39880aff4e07ec85be9e8b7c27413135da929e9c3ef9d051"

[[package]]
name = "libraries"
version = "0.1.0"
dependencies = [
 "doom-2038",
]
